
Microsoft Visual Studio Solution File, Format Version 12.00
# Visual Studio Version 17
VisualStudioVersion = 17.6.33723.286
MinimumVisualStudioVersion = 10.0.40219.1
Project("{9A19103F-16F7-4668-BE54-9A1E7A4F7556}") = "Client_Primer", "Client_Primer\Client_Primer.csproj", "{91AB8A46-FB37-4244-A1EC-05E076593512}"
	ProjectSection(ProjectDependencies) = postProject
		{2FE044B5-B9B5-46B6-A244-B586861215F6} = {2FE044B5-B9B5-46B6-A244-B586861215F6}
	EndProjectSection
EndProject
Project("{9A19103F-16F7-4668-BE54-9A1E7A4F7556}") = "OtterGui", "OtterGui\OtterGui.csproj", "{8830BF74-F127-438B-8135-29CCBC328D86}"
EndProject
Project("{9A19103F-16F7-4668-BE54-9A1E7A4F7556}") = "ProjectGagspeakAPI", "GagspeakAPI\ProjectGagspeakAPI\ProjectGagspeakAPI.csproj", "{2FE044B5-B9B5-46B6-A244-B586861215F6}"
EndProject
Global
	GlobalSection(SolutionConfigurationPlatforms) = preSolution
		Debug|Any CPU = Debug|Any CPU
		Release|Any CPU = Release|Any CPU
	EndGlobalSection
	GlobalSection(ProjectConfigurationPlatforms) = postSolution
		{91AB8A46-FB37-4244-A1EC-05E076593512}.Debug|Any CPU.ActiveCfg = Debug|Any CPU
		{91AB8A46-FB37-4244-A1EC-05E076593512}.Debug|Any CPU.Build.0 = Debug|Any CPU
		{91AB8A46-FB37-4244-A1EC-05E076593512}.Release|Any CPU.ActiveCfg = Release|Any CPU
		{91AB8A46-FB37-4244-A1EC-05E076593512}.Release|Any CPU.Build.0 = Release|Any CPU
		{8830BF74-F127-438B-8135-29CCBC328D86}.Debug|Any CPU.ActiveCfg = Debug|Any CPU
		{8830BF74-F127-438B-8135-29CCBC328D86}.Debug|Any CPU.Build.0 = Debug|Any CPU
		{8830BF74-F127-438B-8135-29CCBC328D86}.Release|Any CPU.ActiveCfg = Release|Any CPU
		{8830BF74-F127-438B-8135-29CCBC328D86}.Release|Any CPU.Build.0 = Release|Any CPU
		{2FE044B5-B9B5-46B6-A244-B586861215F6}.Debug|Any CPU.ActiveCfg = Debug|Any CPU
		{2FE044B5-B9B5-46B6-A244-B586861215F6}.Debug|Any CPU.Build.0 = Debug|Any CPU
		{2FE044B5-B9B5-46B6-A244-B586861215F6}.Release|Any CPU.ActiveCfg = Release|Any CPU
		{2FE044B5-B9B5-46B6-A244-B586861215F6}.Release|Any CPU.Build.0 = Release|Any CPU
	EndGlobalSection
	GlobalSection(SolutionProperties) = preSolution
		HideSolutionNode = FALSE
	EndGlobalSection
	GlobalSection(ExtensibilityGlobals) = postSolution
		SolutionGuid = {3EBF46D4-31E0-400F-941C-5E09DD038A87}
	EndGlobalSection
EndGlobal
